Microsoft Visual Studio Solution File, Format Version 12.00
# Visual Studio 2012
Project("{FAE04EC0-301F-11D3-BF4B-00C04F79EFBC}") = "NewBeginnings", "NewBeginnings.csproj", "{BA6538C5-40E3-4778-BEBE-FF2F6ADF4D84}"
EndProject
Global
	GlobalSection(SolutionConfigurationPlatforms) = preSolution
	Debug|Any CPU = Debug|Any CPU
	ExportDebug|Any CPU = ExportDebug|Any CPU
	ExportRelease|Any CPU = ExportRelease|Any CPU
	EndGlobalSection
	GlobalSection(ProjectConfigurationPlatforms) = postSolution
		{BA6538C5-40E3-4778-BEBE-FF2F6ADF4D84}.Debug|Any CPU.ActiveCfg = Debug|Any CPU
		{BA6538C5-40E3-4778-BEBE-FF2F6ADF4D84}.Debug|Any CPU.Build.0 = Debug|Any CPU
		{BA6538C5-40E3-4778-BEBE-FF2F6ADF4D84}.ExportDebug|Any CPU.ActiveCfg = ExportDebug|Any CPU
		{BA6538C5-40E3-4778-BEBE-FF2F6ADF4D84}.ExportDebug|Any CPU.Build.0 = ExportDebug|Any CPU
		{BA6538C5-40E3-4778-BEBE-FF2F6ADF4D84}.ExportRelease|Any CPU.ActiveCfg = ExportRelease|Any CPU
		{BA6538C5-40E3-4778-BEBE-FF2F6ADF4D84}.ExportRelease|Any CPU.Build.0 = ExportRelease|Any CPU
	EndGlobalSection
EndGlobal
